// !$*UTF8*$!
{
	archiveVersion = 1;
	classes = {
	};
	objectVersion = 46;
	objects = {

/* Begin PBXBuildFile section */
		CC3AB15C1E53754E0067273E /* main.m in Sources */ = {isa = PBXBuildFile; fileRef = CC3AB15B1E53754E0067273E /* main.m */; };
		CC3AB15F1E53754E0067273E /* AppDelegate.m in Sources */ = {isa = PBXBuildFile; fileRef = CC3AB15E1E53754E0067273E /* AppDelegate.m */; };
		CC3AB1621E53754E0067273E /* ViewController.m in Sources */ = {isa = PBXBuildFile; fileRef = CC3AB1611E53754E0067273E /* ViewController.m */; };
		CC3AB1651E53754E0067273E /* Main.storyboard in Resources */ = {isa = PBXBuildFile; fileRef = CC3AB1631E53754E0067273E /* Main.storyboard */; };
		CC3AB1681E53754E0067273E /* CoreDataDemo.xcdatamodeld in Sources */ = {isa = PBXBuildFile; fileRef = CC3AB1661E53754E0067273E /* CoreDataDemo.xcdatamodeld */; };
		CC3AB16A1E53754E0067273E /* Assets.xcassets in Resources */ = {isa = PBXBuildFile; fileRef = CC3AB1691E53754E0067273E /* Assets.xcassets */; };
		CC3AB16D1E53754E0067273E /* LaunchScreen.storyboard in Resources */ = {isa = PBXBuildFile; fileRef = CC3AB16B1E53754E0067273E /* LaunchScreen.storyboard */; };
/* End PBXBuildFile section */

/* Begin PBXFileReference section */
		CC3AB1571E53754E0067273E /* CoreDataDemo.app */ = {isa = PBXFileReference; explicitFileType = wrapper.application; includeInIndex = 0; path = CoreDataDemo.app; sourceTree = BUILT_PRODUCTS_DIR; };
		CC3AB15B1E53754E0067273E /* main.m */ = {isa = PBXFileReference; lastKnownFileType = sourcecode.c.objc; path = main.m; sourceTree = "<group>"; };
		CC3AB15D1E53754E0067273E /* AppDelegate.h */ = {isa = PBXFileReference; lastKnownFileType = sourcecode.c.h; path = AppDelegate.h; sourceTree = "<group>"; };
		CC3AB15E1E53754E0067273E /* AppDelegate.m */ = {isa = PBXFileReference; lastKnownFileType = sourcecode.c.objc; path = AppDelegate.m; sourceTree = "<group>"; };
		CC3AB1601E53754E0067273E /* ViewController.h */ = {isa = PBXFileReference; lastKnownFileType = sourcecode.c.h; path = ViewController.h; sourceTree = "<group>"; };
		CC3AB1611E53754E0067273E /* ViewController.m */ = {isa = PBXFileReference; lastKnownFileType = sourcecode.c.objc; path = ViewController.m; sourceTree = "<group>"; };
		CC3AB1641E53754E0067273E /* Base */ = {isa = PBXFileReference; lastKnownFileType = file.storyboard; name = Base; path = Base.lproj/Main.storyboard; sourceTree = "<group>"; };
		CC3AB1671E53754E0067273E /* CoreDataDemo.xcdatamodel */ = {isa = PBXFileReference; lastKnownFileType = wrapper.xcdatamodel; path = CoreDataDemo.xcdatamodel; sourceTree = "<group>"; };
		CC3AB1691E53754E0067273E /* Assets.xcassets */ = {isa = PBXFileReference; lastKnownFileType = folder.assetcatalog; path = Assets.xcassets; sourceTree = "<group>"; };
		CC3AB16C1E53754E0067273E /* Base */ = {isa = PBXFileReference; lastKnownFileType = file.storyboard; name = Base; path = Base.lproj/LaunchScreen.storyboard; sourceTree = "<group>"; };
		CC3AB16E1E53754E0067273E /* Info.plist */ = {isa = PBXFileReference; lastKnownFileType = text.plist.xml; path = Info.plist; sourceTree = "<group>"; };
/* End PBXFileReference section */

/* Begin PBXFrameworksBuildPhase section */
		CC3AB1541E53754E0067273E /* Frameworks */ = {
			isa = PBXFrameworksBuildPhase;
			buildActionMask = 2147483647;
			files = (
			);
			runOnlyForDeploymentPostprocessing = 0;
		};
/* End PBXFrameworksBuildPhase section */

/* Begin PBXGroup section */
		CC3AB14E1E53754E0067273E = {
			isa = PBXGroup;
			children = (
				CC3AB1591E53754E0067273E /* CoreDataDemo */,
				CC3AB1581E53754E0067273E /* Products */,
			);
			sourceTree = "<group>";
		};
		CC3AB1581E53754E0067273E /* Products */ = {
			isa = PBXGroup;
			children = (
				CC3AB1571E53754E0067273E /* CoreDataDemo.app */,
			);
			name = Products;
			sourceTree = "<group>";
		};
		CC3AB1591E53754E0067273E /* CoreDataDemo */ = {
			isa = PBXGroup;
			children = (
				CC3AB15D1E53754E0067273E /* AppDelegate.h */,
				CC3AB15E1E53754E0067273E /* AppDelegate.m */,
				CC3AB1601E53754E0067273E /* ViewController.h */,
				CC3AB1611E53754E0067273E /* ViewController.m */,
				CC3AB1631E53754E0067273E /* Main.storyboard */,
				CC3AB1691E53754E0067273E /* Assets.xcassets */,
				CC3AB16B1E53754E0067273E /* LaunchScreen.storyboard */,
				CC3AB16E1E53754E0067273E /* Info.plist */,
				CC3AB1661E53754E0067273E /* CoreDataDemo.xcdatamodeld */,
				CC3AB15A1E53754E0067273E /* Supporting Files */,
			);
			path = CoreDataDemo;
			sourceTree = "<group>";
		};
		CC3AB15A1E53754E0067273E /* Supporting Files */ = {
			isa = PBXGroup;
			children = (
				CC3AB15B1E53754E0067273E /* main.m */,
			);
			name = "Supporting Files";
			sourceTree = "<group>";
		};
/* End PBXGroup section */

/* Begin PBXNativeTarget section */
		CC3AB1561E53754E0067273E /* CoreDataDemo */ = {
			isa = PBXNativeTarget;
			buildConfigurationList = CC3AB1711E53754E0067273E /* Build configuration list for PBXNativeTarget "CoreDataDemo" */;
			buildPhases = (
				CC3AB1531E53754E0067273E /* Sources */,
				CC3AB1541E53754E0067273E /* Frameworks */,
				CC3AB1551E53754E0067273E /* Resources */,
			);
			buildRules = (
			);
			dependencies = (
			);
			name = CoreDataDemo;
			productName = CoreDataDemo;
			productReference = CC3AB1571E53754E0067273E /* CoreDataDemo.app */;
			productType = "com.apple.product-type.application";
		};
/* End PBXNativeTarget section */

/* Begin PBXProject section */
		CC3AB14F1E53754E0067273E /* Project object */ = {
			isa = PBXProject;
			attributes = {
				LastUpgradeCheck = 0730;
				ORGANIZATIONNAME = "Prashant Humney";
				TargetAttributes = {
					CC3AB1561E53754E0067273E = {
						CreatedOnToolsVersion = 7.3.1;
					};
				};
			};
			buildConfigurationList = CC3AB1521E53754E0067273E /* Build configuration list for PBXProject "CoreDataDemo" */;
			compatibilityVersion = "Xcode 3.2";
			developmentRegion = English;
			hasScannedForEncodings = 0;
			knownRegions = (
				en,
				Base,
			);
			mainGroup = CC3AB14E1E53754E0067273E;
			productRefGroup = CC3AB1581E53754E0067273E /* Products */;
			projectDirPath = "";
			projectRoot = "";
			targets = (
				CC3AB1561E53754E0067273E /* CoreDataDemo */,
			);
		};
/* End PBXProject section */

/* Begin PBXResourcesBuildPhase section */
		CC3AB1551E53754E0067273E /* Resources */ = {
			isa = PBXResourcesBuildPhase;
			buildActionMask = 2147483647;
			files = (
				CC3AB16D1E53754E0067273E /* LaunchScreen.storyboard in Resources */,
				CC3AB16A1E53754E0067273E /* Assets.xcassets in Resources */,
				CC3AB1651E53754E0067273E /* Main.storyboard in Resources */,
			);
			runOnlyForDeploymentPostprocessing = 0;
		};
/* End PBXResourcesBuildPhase section */

/* Begin PBXSourcesBuildPhase section */
		CC3AB1531E53754E0067273E /* Sources */ = {
			isa = PBXSourcesBuildPhase;
			buildActionMask = 2147483647;
			files = (
				CC3AB1621E53754E0067273E /* ViewController.m in Sources */,
				CC3AB1681E53754E0067273E /* CoreDataDemo.xcdatamodeld in Sources */,
				CC3AB15F1E53754E0067273E /* AppDelegate.m in Sources */,
				CC3AB15C1E53754E0067273E /* main.m in Sources */,
			);
			runOnlyForDeploymentPostprocessing = 0;
		};
/* End PBXSourcesBuildPhase section */

/* Begin PBXVariantGroup section */
		CC3AB1631E53754E0067273E /* Main.storyboard */ = {
			isa = PBXVariantGroup;
			children = (
				CC3AB1641E53754E0067273E /* Base */,
			);
			name = Main.storyboard;
			sourceTree = "<group>";
		};
		CC3AB16B1E53754E0067273E /* LaunchScreen.storyboard */ = {
			isa = PBXVariantGroup;
			children = (
				CC3AB16C1E53754E0067273E /* Base */,
			);
			name = LaunchScreen.storyboard;
			sourceTree = "<group>";
		};
/* End PBXVariantGroup section */

/* Begin XCBuildConfiguration section */
		CC3AB16F1E53754E0067273E /* Debug */ = {
			isa = XCBuildConfiguration;
			buildSettings = {
				ALWAYS_SEARCH_USER_PATHS = NO;
				CLANG_ANALYZER_NONNULL = YES;
				CLANG_CXX_LANGUAGE_STANDARD = "gnu++0x";
				CLANG_CXX_LIBRARY = "libc++";
				CLANG_ENABLE_MODULES = YES;
				CLANG_ENABLE_OBJC_ARC = YES;
				CLANG_WARN_BOOL_CONVERSION = YES;
				CLANG_WARN_CONSTANT_CONVERSION = YES;
				CLANG_WARN_DIRECT_OBJC_ISA_USAGE = YES_ERROR;
				CLANG_WARN_EMPTY_BODY = YES;
				CLANG_WARN_ENUM_CONVERSION = YES;
				CLANG_WARN_INT_CONVERSION = YES;
				CLANG_WARN_OBJC_ROOT_CLASS = YES_ERROR;
				CLANG_WARN_UNREACHABLE_CODE = YES;
				CLANG_WARN__DUPLICATE_METHOD_MATCH = YES;
				"CODE_SIGN_IDENTITY[sdk=iphoneos*]" = "iPhone Developer";
				COPY_PHASE_STRIP = NO;
				DEBUG_INFORMATION_FORMAT = dwarf;
				ENABLE_STRICT_OBJC_MSGSEND = YES;
				ENABLE_TESTABILITY = YES;
				GCC_C_LANGUAGE_STANDARD = gnu99;
				GCC_DYNAMIC_NO_PIC = NO;
				GCC_NO_COMMON_BLOCKS = YES;
				GCC_OPTIMIZATION_LEVEL = 0;
				GCC_PREPROCESSOR_DEFINITIONS = (
					"DEBUG=1",
					"$(inherited)",
				);
				GCC_WARN_64_TO_32_BIT_CONVERSION = YES;
				GCC_WARN_ABOUT_RETURN_TYPE = YES_ERROR;
				GCC_WARN_UNDECLARED_SELECTOR = YES;
				GCC_WARN_UNINITIALIZED_AUTOS = YES_AGGRESSIVE;
				GCC_WARN_UNUSED_FUNCTION = YES;
				GCC_WARN_UNUSED_VARIABLE = YES;
				IPHONEOS_DEPLOYMENT_TARGET = 9.3;
				MTL_ENABLE_DEBUG_INFO = YES;
				ONLY_ACTIVE_ARCH = YES;
				SDKROOT = iphoneos;
				TARGETED_DEVICE_FAMILY = "1,2";
			};
			name = Debug;
		};
		CC3AB1701E53754E0067273E /* Release */ = {
			isa = XCBuildConfiguration;
			buildSettings = {
				ALWAYS_SEARCH_USER_PATHS = NO;
				CLANG_ANALYZER_NONNULL = YES;
				CLANG_CXX_LANGUAGE_STANDARD = "gnu++0x";
				CLANG_CXX_LIBRARY = "libc++";
				CLANG_ENABLE_MODULES = YES;
				CLANG_ENABLE_OBJC_ARC = YES;
				CLANG_WARN_BOOL_CONVERSION = YES;
				CLANG_WARN_CONSTANT_CONVERSION = YES;
				CLANG_WARN_DIRECT_OBJC_ISA_USAGE = YES_ERROR;
				CLANG_WARN_EMPTY_BODY = YES;
				CLANG_WARN_ENUM_CONVERSION = YES;
				CLANG_WARN_INT_CONVERSION = YES;
				CLANG_WARN_OBJC_ROOT_CLASS = YES_ERROR;
				CLANG_WARN_UNREACHABLE_CODE = YES;
				CLANG_WARN__DUPLICATE_METHOD_MATCH = YES;
				"CODE_SIGN_IDENTITY[sdk=iphoneos*]" = "iPhone Developer";
				COPY_PHASE_STRIP = NO;
				DEBUG_INFORMATION_FORMAT = "dwarf-with-dsym";
				ENABLE_NS_ASSERTIONS = NO;
				ENABLE_STRICT_OBJC_MSGSEND = YES;
				GCC_C_LANGUAGE_STANDARD = gnu99;
				GCC_NO_COMMON_BLOCKS = YES;
				GCC_WARN_64_TO_32_BIT_CONVERSION = YES;
				GCC_WARN_ABOUT_RETURN_TYPE = YES_ERROR;
				GCC_WARN_UNDECLARED_SELECTOR = YES;
				GCC_WARN_UNINITIALIZED_AUTOS = YES_AGGRESSIVE;
				GCC_WARN_UNUSED_FUNCTION = YES;
				GCC_WARN_UNUSED_VARIABLE = YES;
				IPHONEOS_DEPLOYMENT_TARGET = 9.3;
				MTL_ENABLE_DEBUG_INFO = NO;
				SDKROOT = iphoneos;
				TARGETED_DEVICE_FAMILY = "1,2";
				VALIDATE_PRODUCT = YES;
			};
			name = Release;
		};
		CC3AB1721E53754E0067273E /* Debug */ = {
			isa = XCBuildConfiguration;
			buildSettings = {
				ASSETCATALOG_COMPILER_APPICON_NAME = AppIcon;
				INFOPLIST_FILE = CoreDataDemo/Info.plist;
				LD_RUNPATH_SEARCH_PATHS = "$(inherited) @executable_path/Frameworks";
				PRODUCT_BUNDLE_IDENTIFIER = com.prashanthumney.CoreDataDemo;
				PRODUCT_NAME = "$(TARGET_NAME)";
			};
			name = Debug;
		};
		CC3AB1731E53754E0067273E /* Release */ = {
			isa = XCBuildConfiguration;
			buildSettings = {
				ASSETCATALOG_COMPILER_APPICON_NAME = AppIcon;
				INFOPLIST_FILE = CoreDataDemo/Info.plist;
				LD_RUNPATH_SEARCH_PATHS = "$(inherited) @executable_path/Frameworks";
				PRODUCT_BUNDLE_IDENTIFIER = com.prashanthumney.CoreDataDemo;
				PRODUCT_NAME = "$(TARGET_NAME)";
			};
			name = Release;
		};
/* End XCBuildConfiguration section */

/* Begin XCConfigurationList section */
		CC3AB1521E53754E0067273E /* Build configuration list for PBXProject "CoreDataDemo" */ = {
			isa = XCConfigurationList;
			buildConfigurations = (
				CC3AB16F1E53754E0067273E /* Debug */,
				CC3AB1701E53754E0067273E /* Release */,
			);
			defaultConfigurationIsVisible = 0;
			defaultConfigurationName = Release;
		};
		CC3AB1711E53754E0067273E /* Build configuration list for PBXNativeTarget "CoreDataDemo" */ = {
			isa = XCConfigurationList;
			buildConfigurations = (
				CC3AB1721E53754E0067273E /* Debug */,
				CC3AB1731E53754E0067273E /* Release */,
			);
			defaultConfigurationIsVisible = 0;
		};
/* End XCConfigurationList section */

/* Begin XCVersionGroup section */
		CC3AB1661E53754E0067273E /* CoreDataDemo.xcdatamodeld */ = {
			isa = XCVersionGroup;
			children = (
				CC3AB1671E53754E0067273E /* CoreDataDemo.xcdatamodel */,
			);
			currentVersion = CC3AB1671E53754E0067273E /* CoreDataDemo.xcdatamodel */;
			path = CoreDataDemo.xcdatamodeld;
			sourceTree = "<group>";
			versionGroupType = wrapper.xcdatamodel;
		};
/* End XCVersionGroup section */
	};
	rootObject = CC3AB14F1E53754E0067273E /* Project object */;
}
